
Microsoft Visual Studio Solution File, Format Version 11.00
# Visual Studio 2010
Project("{FAE04EC0-301F-11D3-BF4B-00C04F79EFBC}") = "ParseTest", "ParseTest.csproj", "{EF334D8C-AB1C-4C53-8693-767918C1A821}"
EndProject
Global
	GlobalSection(SolutionConfigurationPlatforms) = preSolution
		Debug|x86 = Debug|x86
		Release|x86 = Release|x86
	EndGlobalSection
	GlobalSection(ProjectConfigurationPlatforms) = postSolution
		{EF334D8C-AB1C-4C53-8693-767918C1A821}.Debug|x86.ActiveCfg = Debug|x86
		{EF334D8C-AB1C-4C53-8693-767918C1A821}.Debug|x86.Build.0 = Debug|x86
		{EF334D8C-AB1C-4C53-8693-767918C1A821}.Release|x86.ActiveCfg = Release|x86
		{EF334D8C-AB1C-4C53-8693-767918C1A821}.Release|x86.Build.0 = Release|x86
	EndGlobalSection
	GlobalSection(MonoDevelopProperties) = preSolution
		StartupItem = ParseTest.csproj
	EndGlobalSection
EndGlobal
